Microsoft Visual Studio Solution File, Format Version 12.00
# Visual Studio Version 17
VisualStudioVersion = 17.5.2.0
MinimumVisualStudioVersion = 10.0.40219.1
Project("{FAE04EC0-301F-11D3-BF4B-00C04F79EFBC}") = "calculoDeCombustivel", "calculoDeCombustivel.csproj", "{ED99A56B-B216-C249-DFF2-8E5105DA181B}"
EndProject
Global
	GlobalSection(SolutionConfigurationPlatforms) = preSolution
		Debug|Any CPU = Debug|Any CPU
		Release|Any CPU = Release|Any CPU
	EndGlobalSection
	GlobalSection(ProjectConfigurationPlatforms) = postSolution
		{ED99A56B-B216-C249-DFF2-8E5105DA181B}.Debug|Any CPU.ActiveCfg = Debug|Any CPU
		{ED99A56B-B216-C249-DFF2-8E5105DA181B}.Debug|Any CPU.Build.0 = Debug|Any CPU
		{ED99A56B-B216-C249-DFF2-8E5105DA181B}.Release|Any CPU.ActiveCfg = Release|Any CPU
		{ED99A56B-B216-C249-DFF2-8E5105DA181B}.Release|Any CPU.Build.0 = Release|Any CPU
	EndGlobalSection
	GlobalSection(SolutionProperties) = preSolution
		HideSolutionNode = FALSE
	EndGlobalSection
	GlobalSection(ExtensibilityGlobals) = postSolution
		SolutionGuid = {B04CAF11-A239-4387-8569-F6FE4ABE2E08}
	EndGlobalSection
EndGlobal
